{
  "name": "promodata-sync-hub",
  "version": "1.0.0",
  "lockfileVersion": 3,
  "requires": true,
  "packages": {
    "": {
      "name": "promodata-sync-hub",
      "version": "1.0.0",
      "dependencies": {
        "@woocommerce/woocommerce-rest-api": "^1.0.1",
        "cors": "^2.8.5",
        "express": "^4.19.2"
      },
      "engines": {
        "node": ">=18.0.0"
      }
    },
    "node_modules/@types/node": {
      "version": "20.14.9",
      "resolved": "https://registry.npmjs.org/@types/node/-/node-20.14.9.tgz",
      "integrity": "sha512-06OCtnTXtWOZf/1BZNILd4S21Au0if4JzS9sVKt4rqlR1S82D5n3kU2iJdOmmSj3T2tYFalJe3b4L5pJg3I+7w==",
      "dependencies": {
        "undici-types": "~5.26.4"
      }
    },
    "node_modules/@woocommerce/woocommerce-rest-api": {
      "version": "1.0.1",
      "resolved": "https://registry.npmjs.org/@woocommerce/woocommerce-rest-api/-/woocommerce-rest-api-1.0.1.tgz",
      "integrity": "sha512-cK/Cj53s20p255XQau92Tq+jPMaQl2L2ktDWtdQp2AFm8aaJ3O1cDAmaL5lPAKOqWi15j24GzUYs1sHYD2eSog==",
      "dependencies": {
        "axios": "^0.19.2",
        "oauth-1.0a": "^2.2.6"
      }
    },
    "node_modules/accepts": {
      "version": "1.3.8",
      "resolved": "https://registry.npmjs.org/accepts/-/accepts-1.3.8.tgz",
      "integrity": "sha512-PYAthTa2m2InxFeoUETkvv44I+2dA5LAqNvcwVl4J+/AgUlLJ5vDgt4mBbc5KrGsetCkBIOM+EgOMxvveCALxw==",
      "dependencies": {
        "mime-types": "~2.1.34",
        "negotiator": "0.6.3"
      },
      "engines": {
        "node": ">= 0.6"
      }
    },
    "node_modules/array-flatten": {
      "version": "1.1.1",
      "resolved": "https://registry.npmjs.org/array-flatten/-/array-flatten-1.1.1.tgz",
      "integrity": "sha512-PCVAQswWemu6UdxsDFFX/+gVeYqKA86RxAbx5BT4lk5VTMm9Ror9uA3gC86ekY/zp5fwpkWeCDkledDrrSwciA=="
    },
    "node_modules/axios": {
      "version": "0.19.2",
      "resolved": "https://registry.npmjs.org/axios/-/axios-0.19.2.tgz",
      "integrity": "sha512-fjgm5MvRHLhx+osE2xoekY70AhARk3a6hkN+3Io1jc00jtquGvxYlAnLSFuI5ry2JGgeZE0jT9teGUkjOKll8A==",
      "dependencies": {
        "follow-redirects": "1.5.10"
      }
    },
    "node_modules/body-parser": {
      "version": "1.20.2",
      "resolved": "https://registry.npmjs.org/body-parser/-/body-parser-1.20.2.tgz",
      "integrity": "sha512-ml9pReCu3M61kGlqoTm2umSXTlRTuGTx0bfYj+uIUKKYycG0fxS3IO7NJdc+5I42B41if/2o0fOUf+PQe+xGvA==",
      "dependencies": {
        "bytes": "3.1.2",
        "content-type": "~1.0.5",
        "debug": "2.6.9",
        "depd": "2.0.0",
        "destroy": "1.2.0",
        "http-errors": "2.0.0",
        "iconv-lite": "0.4.24",
        "on-finished": "2.4.1",
        "qs": "6.11.0",
        "raw-body": "2.5.2",
        "type-is": "~1.6.18",
        "unpipe": "1.0.0"
      },
      "engines": {
        "node": ">= 0.8",
        "npm": "1.2.8000 || >= 1.4.16"
      }
    },
    "node_modules/bytes": {
      "version": "3.1.2",
      "resolved": "https://registry.npmjs.org/bytes/-/bytes-3.1.2.tgz",
      "integrity": "sha512-9JCRkx1Ahk6Dv5F8beG3EWd+S9s+Pdwc40Toew+z/cH9r33ce4p0o3bY7cR+wO2Y/Nlt0wd4BfOkqfl2N/2wCA==",
      "engines": {
        "node": ">= 0.8"
      }
    },
    "node_modules/call-bind": {
      "version": "1.0.7",
      "resolved": "https://registry.npmjs.org/call-bind/-/call-bind-1.0.7.tgz",
      "integrity": "sha512-G3nBdpem72I+B7sQ+iP/S2+dgbY66hJAr232S2GwbuaJ53a0a/0cO5b2Wd3d4Tj7eOOgL2P0Q2g5E65gYd2xbg==",
      "dependencies": {
        "function-bind": "^1.1.2",
        "get-intrinsic": "^1.2.4",
        "set-function-length": "^1.2.2"
      },
      "funding": {
        "url": "https://github.com/sponsors/ljharb"
      }
    },
    "node_modules/content-disposition": {
      "version": "0.5.4",
      "resolved": "https://registry.npmjs.org/content-disposition/-/content-disposition-0.5.4.tgz",
      "integrity": "sha512-FveZTNuGw04cTCJn Grégoire Déchaut/wA+wnss1kTIdvsZ22RSCKFnRFoA0IuE5unpZs9oiPahoIYvW96kP1x2Er5g==",
      "dependencies": {
        "safe-buffer": "5.2.1"
      },
      "engines": {
        "node": ">= 0.6"
      }
    },
    "node_modules/content-type": {
      "version": "1.0.5",
      "resolved": "https://registry.npmjs.org/content-type/-/content-type-1.0.5.tgz",
      "integrity": "sha512-nTjqfcBFEipKdXCv4YDQVEul物理/4ad2tRaGtvAXG3w3y3v3Tf+SAESvuYyM2Gb5c2pwbDNkVEosxtH3Ev+xg==",
      "engines": {
        "node": ">= 0.6"
      }
    },
    "node_modules/cookie": {
      "version": "0.5.0",
      "resolved": "https://registry.npmjs.org/cookie/-/cookie-0.5.0.tgz",
      "integrity": "sha512-YZ3GUyn/o8gfsvs2pUeE6Y2gGga8mH1c2x+K6IxtscA43o+lI3v3+Fp6XQfEkLVC4P8IcsVV7o6p22I8e+gOtg==",
      "engines": {
        "node": ">= 0.6"
      }
    },
    "node_modules/cookie-signature": {
      "version": "1.0.6",
      "resolved": "https://registry.npmjs.org/cookie-signature/-/cookie-signature-1.0.6.tgz",
      "integrity": "sha512-Qh1HcqPenB0f8k12iI8dtClsMApa3gs3a2bA2jGyO22i2d5uE88c21r4jran5m2yENsL3M2s4N1kI5b5sIeKRA=="
    },
    "node_modules/cors": {
      "version": "2.8.5",
      "resolved": "https://registry.npmjs.org/cors/-/cors-2.8.5.tgz",
      "integrity": "sha512-II+l+eV/2e2lXltd7MQ7syvL2ErjldC4mS3g2FjEAmKUPaCO3oxavMoA6WJAo9JgF/G/1+157+C2WbbX37KTck==",
      "dependencies": {
        "object-assign": "^4",
        "vary": "^1"
      },
      "engines": {
        "node": ">= 0.10"
      }
    },
    "node_modules/crypto": {
      "version": "1.0.1",
      "resolved": "https://registry.npmjs.org/crypto/-/crypto-1.0.1.tgz",
      "integrity": "sha512-VxBKmeNcGfp5/xqr4hIzpS+6Bwz26Rb6p6WwStsr3S4VAp7k2xTR0rc14lD3G/2/27EmlCuffPUG9c3jpI825w==",
      "deprecated": "This package is no longer supported. It's now a built-in Node module. If you've depended on crypto, you should switch to the one that's built-in."
    },
    "node_modules/debug": {
      "version": "2.6.9",
      "resolved": "https://registry.npmjs.org/debug/-/debug-2.6.9.tgz",
      "integrity": "sha512-bC7ElrdJaJnPbAP+1EotYvqZsb3ecl51pXMक्क/IFss6SZnWN8tk9ssVwGdIOY/ff7ruggo9Pms98mYMibMw==",
      "dependencies": {
        "ms": "2.0.0"
      }
    },
    "node_modules/define-data-property": {
      "version": "1.1.4",
      "resolved": "https://registry.npmjs.org/define-data-property/-/define-data-property-1.1.4.tgz",
      "integrity": "sha512-rBMZdSqknfR1Y9w42lD/2ahV0a/d51iL4lUMIsLePa3dp1sS2l0g2TEj5xNnWi1heOFXf0HiKPF41wEesbAVpQ==",
      "dependencies": {
        "get-intrinsic": "^1.2.4",
        "gopd": "^1.0.1",
        "has-property-descriptors": "^1.0.2"
      },
      "engines": {
        "node": ">= 0.4"
      },
      "funding": {
        "url": "https://github.com/sponsors/ljharb"
      }
    },
    "node_modules/depd": {
      "version": "2.0.0",
      "resolved": "https://registry.npmjs.org/depd/-/depd-2.0.0.tgz",
      "integrity": "sha512-g7nH6P6dyDioJogAAGprGpCtVImJhpPk/decPLCyadXCRvxyDNmtssadqTHxk6HZH+TR73DheI3baaKgyezz2Q==",
      "engines": {
        "node": ">= 0.8"
      }
    },
    "node_modules/destroy": {
      "version": "1.2.0",
      "resolved": "https://registry.npmjs.org/destroy/-/destroy-1.2.0.tgz",
      "integrity": "sha512-2sJGJTaXIIaR1w4iJSNoN0hnMY7GpcRACrLleJCfwiHXR5nbB85orMw6k4l9cl/dmpcEFdHdct4lywLhD76wJA==",
      "engines": {
        "node": ">= 0.8",
        "npm": "1.2.8000 || >= 1.4.16"
      }
    },
    "node_modules/ee-first": {
      "version": "1.1.1",
      "resolved": "https://registry.npmjs.org/ee-first/-/ee-first-1.1.1.tgz",
      "integrity": "sha512-WMawARsE9ZcPUFERQ261n23e2u382W3e1d1oD9yQkM0v2iS4P5Xy2bcnwBdwqJgE4V4nIzgNfK/kG3ixpPAgQ=="
    },
    "node_modules/encodeurl": {
      "version": "1.0.2",
      "resolved": "https://registry.npmjs.org/encodeurl/-/encodeurl-1.0.2.tgz",
      "integrity": "sha512-H0B6eIe2fX72x5sD02e1cE50okkN8W9fKzPEnx2q5q40I3o3iH1Q02Gz/0w2vCR8AlpyCXd3Soz0f3pIt7Ktg==",
      "engines": {
        "node": ">= 0.8"
      }
    },
    "node_modules/es-define-property": {
      "version": "1.0.0",
      "resolved": "https://registry.npmjs.org/es-define-property/-/es-define-property-1.0.0.tgz",
      "integrity": "sha512-U9YnN4svV8gcsP4bNCLk4XgG82D/bK5tLri/1hp+M4wRvIs/IgsLe25lBq+T21r3dY12330g6Z11gE1e/v2r0Q==",
      "dependencies": {
        "get-intrinsic": "^1.2.1"
      },
      "engines": {
        "node": ">= 0.4"
      }
    },
    "node_modules/es-errors": {
      "version": "1.3.0",
      "resolved": "https://registry.npmjs.org/es-errors/-/es-errors-1.3.0.tgz",
      "integrity": "sha512-s5+M92yS4Qp972rWbLXTd2ASi3TTVOczg38wzT22gD2+sP0EsKzvP3x7E2gL1xNsc1UD28yL6T1Jv2P57Ppxg==",
      "engines": {
        "node": ">= 0.4"
      }
    },
    "node_modules/escape-html": {
      "version": "1.0.3",
      "resolved": "https://registry.npmjs.org/escape-html/-/escape-html-1.0.3.tgz",
      "integrity": "sha512-NiSupZ4A6/0y2m9l9A0L5MSsfawceH47HYGgqWd1YQd/I083b8scbs1e4GSHdI6dGZeL2QazMCe0WIae/9dCsg=="
    },
    "node_modules/etag": {
      "version": "1.8.1",
      "resolved": "https://registry.npmjs.org/etag/-/etag-1.8.1.tgz",
      "integrity": "sha512-aIL5Fx7mawVa300al2fsDb/WjkwIeifecrz5FpAqgTHE7exPeJED2NdSAgVL/NU0oZ90ta93ln7KkWXp4av2gA==",
      "engines": {
        "node": ">= 0.6"
      }
    },
    "node_modules/express": {
      "version": "4.19.2",
      "resolved": "https://registry.npmjs.org/express/-/express-4.19.2.tgz",
      "integrity": "sha512-5T6n4xUWUSgQ2bNsO6n0ZJpL1CNyI0tQJ0/3wfVAHiA6LSpmyxL4Yd1Pf1/3M+yk5Nh4N/2eQ1W4kP6p2/2nwA==",
      "dependencies": {
        "accepts": "~1.3.8",
        "array-flatten": "1.1.1",
        "body-parser": "1.20.2",
        "content-disposition": "0.5.4",
        "content-type": "~1.0.4",
        "cookie": "0.5.0",
        "cookie-signature": "1.0.6",
        "debug": "2.6.9",
        "depd": "~2.0.0",
        "encodeurl": "~1.0.2",
        "escape-html": "~1.0.3",
        "etag": "~1.8.1",
        "finalhandler": "1.2.0",
        "fresh": "0.5.2",
        "merge-descriptors": "1.0.1",
        "methods": "~1.1.2",
        "on-finished": "~2.4.1",
        "parseurl": "~1.3.3",
        "path-to-regexp": "0.1.7",
        "proxy-addr": "~2.0.7",
        "qs": "6.11.0",
        "range-parser": "~1.2.1",
        "safe-buffer": "5.2.1",
        "send": "0.18.0",
        "serve-static": "1.15.0",
        "setprototypeof": "1.2.0",
        "statuses": "~2.0.1",
        "type-is": "~1.6.18",
        "utils-flatten": "1.0.1",
        "vary": "~1.1.2"
      },
      "engines": {
        "node": ">= 0.10.0"
      }
    },
    "node_modules/finalhandler": {
      "version": "1.2.0",
      "resolved": "https://registry.npmjs.org/finalhandler/-/finalhandler-1.2.0.tgz",
      "integrity": "sha512-5uXcUVftlQjbYKnXMo3DaKivViZe3MA2+dGgN4h2d9gV1dGfV4JcdloE1TpqB2cKOh67N2jHYRaVFlw4x2zG/w==",
      "dependencies": {
        "debug": "2.6.9",
        "encodeurl": "~1.0.2",
        "escape-html": "~1.0.3",
        "on-finished": "~2.4.1",
        "parseurl": "~1.3.3",
        "statuses": "~2.0.1",
        "unpipe": "~1.0.0"
      },
      "engines": {
        "node": ">= 0.8"
      }
    },
    "node_modules/follow-redirects": {
      "version": "1.5.10",
      "resolved": "https://registry.npmjs.org/follow-redirects/-/follow-redirects-1.5.10.tgz",
      "integrity": "sha512-0V5l4C1gqtmm2DiPXYe60EO5nwKllgHUazTu/bC64KF50NMMUce4UKcumROmBwNuQbSX51EnAgpbhYApNYoibA==",
      "dependencies": {
        "debug": "=3.1.0"
      },
      "engines": {
        "node": ">=4.0"
      }
    },
    "node_modules/follow-redirects/node_modules/debug": {
      "version": "3.1.0",
      "resolved": "https://registry.npmjs.org/debug/-/debug-3.1.0.tgz",
      "integrity": "sha512-OX8XqP7/1a9cqkxYw2yXss15f26NKWBpDXQd0/uK/KPqdQhxbPa994hnzjcE2VqQpDslf55723cKPUOGSmMY3g==",
      "dependencies": {
        "ms": "2.0.0"
      }
    },
    "node_modules/forwarded": {
      "version": "0.2.0",
      "resolved": "https://registry.npmjs.org/forwarded/-/forwarded-0.2.0.tgz",
      "integrity": "sha512-buRG0fpk3YxEMo/4Du9WRQuh3U32eC7GsgK8OYDD0GmeOR0ZonxIaK82S3Cu3cMAaP133kPg6sDqVpDQgd+GnA==",
      "engines": {
        "node": ">= 0.6"
      }
    },
    "node_modules/fresh": {
      "version": "0.5.2",
      "resolved": "https://registry.npmjs.org/fresh/-/fresh-0.5.2.tgz",
      "integrity": "sha512-zZA8g8AlL5wItJDA+0IbdjSpIe7pN3eCe2Qq2Y+71R37nLzYQqcE1eG338qI5gL/vQKM/G2aJMWb7s5Jk3/AAw==",
      "engines": {
        "node": ">= 0.6"
      }
    },
    "node_modules/function-bind": {
      "version": "1.1.2",
      "resolved": "https://registry.npmjs.org/function-bind/-/function-bind-1.1.2.tgz",
      "integrity": "sha512-714uBgrbE/4pL33jFp0AU/3S1Oqj3x/2JXBwQOAx6BqSO7PA2v653i16M2jJdBo3P+iFl6k340sTzC4Qo5/2A==",
      "funding": {
        "url": "https://github.com/sponsors/ljharb"
      }
    },
    "node_modules/get-intrinsic": {
      "version": "1.2.4",
      "resolved": "https://registry.npmjs.org/get-intrinsic/-/get-intrinsic-1.2.4.tgz",
      "integrity": "sha512-Sg34Qe4SjD00u1dsiHi08Y0u6nzn93T2cSUy4J5L4A3c43yC587CsoCxd7pSV8M0Stq4K4e5UXd8W/kY1yA9gA==",
      "dependencies": {
        "function-bind": "^1.1.2",
        "has-property-descriptors": "^1.0.1",
        "has-proto": "^1.0.3",
        "has-symbols": "^1.0.3",
        "object-inspect": "^1.13.1"
      },
      "funding": {
        "url": "https://github.com/sponsors/ljharb"
      }
    },
    "node_modules/gopd": {
      "version": "1.0.1",
      "resolved": "https://registry.npmjs.org/gopd/-/gopd-1.0.1.tgz",
      "integrity": "sha512-d6xYOKeVeT1Y6kAvLqO45SPprc+1d3iS7kfz89n27f5s1fJbO1sJbuI/0pIWE1sIZO24kQW5y2pQie1m2j5eRg==",
      "dependencies": {
        "get-intrinsic": "^1.1.3"
      },
      "funding": {
        "url": "https://github.com/sponsors/ljharb"
      }
    },
    "node_modules/has-property-descriptors": {
      "version": "1.0.2",
      "resolved": "https://registry.npmjs.org/has-property-descriptors/-/has-property-descriptors-1.0.2.tgz",
      "integrity": "sha512-55U2iOOx5O8yO03KjB3pe8qf5n0pG2gi4bGS8TWVvG32qr66o84m12js7t2jV0xMm2lDdw7l39F/gE+2LgVwRA==",
      "dependencies": {
        "es-define-property": "^1.0.0"
      },
      "funding": {
        "url": "https://github.com/sponsors/ljharb"
      }
    },
    "node_modules/has-proto": {
      "version": "1.0.3",
      "resolved": "https://registry.npmjs.org/has-proto/-/has-proto-1.0.3.tgz",
      "integrity": "sha512-YIhasAm2Kz31hCs83f9Abk67DUJOoAnqmvEChJ3z+Tf7Jg44IeAnG5AcOoa/tV7kMAWmaInGg+eRjWq2gjEBVw==",
      "engines": {
        "node": ">= 0.4"
      },
      "funding": {
        "url": "https://github.com/sponsors/ljharb"
      }
    },
    "node_modules/has-symbols": {
      "version": "1.0.3",
      "resolved": "https://registry.npmjs.org/has-symbols/-/has-symbols-1.0.3.tgz",
      "integrity": "sha512-l3LCuF6MgDNwTDKkdYGEifYitd6AsbaCe2dtbMef+wwim12tryA2iSuAT এড/clQqM8i46AmpDolUFlrqwdF9aQ==",
      "engines": {
        "node": ">= 0.4"
      },
      "funding": {
        "url": "https://github.com/sponsors/ljharb"
      }
    },
    "node_modules/http-errors": {
      "version": "2.0.0",
      "resolved": "https://registry.npmjs.org/http-errors/-/http-errors-2.0.0.tgz",
      "integrity": "sha512-FtwrG/euBzaEjYe50YVdGMy5C51VyeT2p1qWkXQbSgkTNyTh2nE5wsP9o25gG7/2iXKl8zDgr/4Qvge41Lwguw==",
      "dependencies": {
        "depd": "2.0.0",
        "inherits": "2.0.4",
        "setprototypeof": "1.2.0",
        "statuses": "2.0.1",
        "toidentifier": "1.0.1"
      },
      "engines": {
        "node": ">= 0.8"
      }
    },
    "node_modules/iconv-lite": {
      "version": "0.4.24",
      "resolved": "https://registry.npmjs.org/iconv-lite/-/iconv-lite-0.4.24.tgz",
      "integrity": "sha512-v3MXnZAcvnywkADNpt1PupvQ+RQUPfkmiVTcSFeQzde/nRnQqU+3B+R1/ah1DxKzwhV0cOBgwQmbU7b60ANAVg==",
      "dependencies": {
        "safer-buffer": ">= 2.1.2 < 3"
      },
      "engines": {
        "node": ">=0.10.0"
      }
    },
    "node_modules/inherits": {
      "version": "2.0.4",
      "resolved": "https://registry.npmjs.org/inherits/-/inherits-2.0.4.tgz",
      "integrity": "sha512-k/vGaX4/Yla3Wb6DbkADMBhM+rYgV0tlbskURCVYhNqJacob/A0f2Ae4ohtGAbBrd+IoCrDzeGqsaxzzugubw=="
    },
    "node_modules/ipaddr.js": {
      "version": "1.9.1",
      "resolved": "https://registry.npmjs.org/ipaddr.js/-/ipaddr.js-1.9.1.tgz",
      "integrity": "sha512-0KI/607xoxSToH7GjN1FfSbLoU0+btTicjsQ/pSaciPBN+dalxtsSzJur2xvkpnDd8Q6CiikBcpAiub4kIEggA==",
      "engines": {
        "node": ">= 0.10"
      }
    },
    "node_modules/media-typer": {
      "version": "0.3.0",
      "resolved": "https://registry.npmjs.org/media-typer/-/media-typer-0.3.0.tgz",
      "integrity": "sha512-dq+qelQ9ak2adAmxNY5CBVL/A5g6mswfGraC4kGl4h9PvoT2c5fFadwA4TDTNlK9woYoXSgNdpwHuWiBPy4dPw==",
      "engines": {
        "node": ">= 0.6"
      }
    },
    "node_modules/merge-descriptors": {
      "version": "1.0.1",
      "resolved": "https://registry.npmjs.org/merge-descriptors/-/merge-descriptors-1.0.1.tgz",
      "integrity": "sha512-cCi6g3/Zr1iqQi6ySbseM1Xvooa98N0w31jzUYrXPX2xqObmF8+keSJDPVl3II7FzGS/r0yr6qnTT81o/7eLpA=="
    },
    "node_modules/methods": {
      "version": "1.1.2",
      "resolved": "https://registry.npmjs.org/methods/-/methods-1.1.2.tgz",
      "integrity": "sha512-T/2oHM+1J2kcfVp7cT3L22oNY3A52b61PCUlI7b2cKxU41iP5CA+2pcnY+8gXUeRkMce2wPsoF2L6w7nF54+w==",
      "engines": {
        "node": ">= 0.6"
      }
    },
    "node_modules/mime": {
      "version": "1.6.0",
      "resolved": "https://registry.npmjs.org/mime/-/mime-1.6.0.tgz",
      "integrity": "sha512-x0Vn8spI+wuJ1OaudocbFukRdcS3TTUTL40SO8v5O3py0GTD0pWAadsnBRiIKjpLzeGjDgp2P7zSMGj2M3G3VQ==",
      "engines": {
        "node": ">=4"
      }
    },
    "node_modules/mime-db": {
      "version": "1.52.0",
      "resolved": "https://registry.npmjs.org/mime-db/-/mime-db-1.52.0.tgz",
      "integrity": "sha512-sPU4uV7dYlvtWdTwFFF5G1bVgJvlLPKmockDwfsdxEcDRG0sT2CldaSbb4H5rfjcV+1eFSpI5ePSB+hikK+uzg==",
      "engines": {
        "node": ">= 0.6"
      }
    },
    "node_modules/mime-types": {
      "version": "2.1.35",
      "resolved": "https://registry.npmjs.org/mime-types/-/mime-types-2.1.35.tgz",
      "integrity": "sha512-ZDY+bPm5zTTF+YpCrAU9nK0UgICYPT0QtT1NZWFv4s++TNkcgVaT0g6+4R2uI4MjQjzysHB1zxuMA6aSz5JlpA==",
      "dependencies": {
        "mime-db": "1.52.0"
      },
      "engines": {
        "node": ">= 0.6"
      }
    },
    "node_modules/ms": {
      "version": "2.0.0",
      "resolved": "https://registry.npmjs.org/ms/-/ms-2.0.0.tgz",
      "integrity": "sha512-Tpp60P6IUJDTuOq/5Z8cdskzJdAbkJTWbHeeIl92K0H95QOKeRpNFDvIGI2CUqNO7zg1xAgsbQSgvN299+gVYA=="
    },
    "node_modules/negotiator": {
      "version": "0.6.3",
      "resolved": "https://registry.npmjs.org/negotiator/-/negotiator-0.6.3.tgz",
      "integrity": "sha512-+EUsqGPLsM+j/EAqCzaCMThHwpKepEtpcCyMMTftAN2WEXs3LHr+sGMmwDOVw5yT4eU5M1Xul4wxbel2lGrmgA==",
      "engines": {
        "node": ">= 0.6"
      }
    },
    "node_modules/object-assign": {
      "version": "4.1.1",
      "resolved": "https://registry.npmjs.org/object-assign/-/object-assign-4.1.1.tgz",
      "integrity": "sha512-rJgTQnkUnH1sFw8yT6VSU3zD3sW2t62DzoB7GkmdXoPUJ3cprz+awRaqPS93LqBwVTTAy9oIe2zDjsclQ83A9g==",
      "engines": {
        "node": ">=0.10.0"
      }
    },
    "node_modules/object-inspect": {
      "version": "1.13.1",
      "resolved": "https://registry.npmjs.org/object-inspect/-/object-inspect-1.13.1.tgz",
      "integrity": "sha512-5bEY3dAn3cD/JQIND2hjwS1a6I4M5hTcmKoI7EaJOEIm8hCu0Ihg8oR0OAulL17HwBwLfF84Q9POpBcrStp23Q==",
      "funding": {
        "url": "https://github.com/sponsors/ljharb"
      }
    },
    "node_modules/oauth-1.0a": {
      "version": "2.2.6",
      "resolved": "https://registry.npmjs.org/oauth-1.0a/-/oauth-1.0a-2.2.6.tgz",
      "integrity": "sha512-6bkB0gQ3K3e+2I4DPi9So4ll2dE1sQz0rE5V3W7j6cEVoP27vGy5263yTm2s2w0s2+44lG/1C0wD2D49Tprg==",
      "dependencies": {
        "crypto": "^1.0.1"
      }
    },
    "node_modules/on-finished": {
      "version": "2.4.1",
      "resolved": "https://registry.npmjs.org/on-finished/-/on-finished-2.4.1.tgz",
      "integrity": "sha512-oVNbwrXTNCXEieL1m/1T2mgQNv+vB2sJZgdGEPgp3oJpS4wKqC04u5gdA5aPOmAADG7QvDxaCbA+sST0KjaHog==",
      "dependencies": {
        "ee-first": "1.1.1"
      },
      "engines": {
        "node": ">= 0.8"
      }
    },
    "node_modules/parseurl": {
      "version": "1.3.3",
      "resolved": "https://registry.npmjs.org/parseurl/-/parseurl-1.3.3.tgz",
      "integrity": "sha512-CjgzCH9IOupBR9M0g9ubRmyUzP3ROEKCsb4iI22ZRhvVvVEd02hK2xUnGg7ZHTmKzLdMVqMea8sKwfbsaMDo6g==",
      "engines": {
        "node": ">= 0.8"
      }
    },
    "node_modules/path-to-regexp": {
      "version": "0.1.7",
      "resolved": "https://registry.npmjs.org/path-to-regexp/-/path-to-regexp-0.1.7.tgz",
      "integrity": "sha512-5DF6eABi7ogU/gVs0a6/p68iS265Q4eY8g/1zR12qj2e4aJ52lZDfkzIKO7dwKaN34nLg1nEU7seOQY+kDAiA=="
    },
    "node_modules/proxy-addr": {
      "version": "2.0.7",
      "resolved": "https://registry.npmjs.org/proxy-addr/-/proxy-addr-2.0.7.tgz",
      "integrity": "sha512-llQsMLS2GSShO+F8C8E1hSjUv48QCRmS2e47gl3OVsW8vB83DCVE/3Sn2qcfb3L8m2q7eNl22s4Ien/g4e2wA==",
      "dependencies": {
        "forwarded": "0.2.0",
        "ipaddr.js": "1.9.1"
      },
      "engines": {
        "node": ">= 0.10"
      }
    },
    "node_modules/qs": {
      "version": "6.11.0",
      "resolved": "https://registry.npmjs.org/qs/-/qs-6.11.0.tgz",
      "integrity": "sha512-MvjoMCJwzP4i60+Tj8romP2TddS389Myo34/i0NH12s3PZLU2qisnbnB9ocnwI80EaHDPfsA2/+sVjKj3pY0aA==",
      "dependencies": {
        "side-channel": "^1.0.4"
      },
      "engines": {
        "node": ">=0.6"
      },
      "funding": {
        "url": "https://github.com/sponsors/ljharb"
      }
    },
    "node_modules/range-parser": {
      "version": "1.2.1",
      "resolved": "https://registry.npmjs.org/range-parser/-/range-parser-1.2.1.tgz",
      "integrity": "sha512-Hrgsx+orqoygn9bCDMMwRmMkFjGly شور/v3E0LIliTnh9Nl10/s2bZ6iIeE9g3b47e3a3qPaksTck6lB4+LwA==",
      "engines": {
        "node": ">= 0.6"
      }
    },
    "node_modules/raw-body": {
      "version": "2.5.2",
      "resolved": "https://registry.npmjs.org/raw-body/-/raw-body-2.5.2.tgz",
      "integrity": "sha512-8NfG8z5peaxRRf2bC9oK32w3m3LUp1jv43Eg+gP92aorvEl1D/QPshbMvIe1Zk73fG0sAD1Xy4IeIrc+shb2eA==",
      "dependencies": {
        "bytes": "3.1.2",
        "http-errors": "2.0.0",
        "iconv-lite": "0.4.24",
        "unpipe": "1.0.0"
      },
      "engines": {
        "node": ">= 0.8"
      }
    },
    "node_modules/safe-buffer": {
      "version": "5.2.1",
      "resolved": "https://registry.npmjs.org/safe-buffer/-/safe-buffer-5.2.1.tgz",
      "integrity": "sha512-rp3So07KcdmmKbGvgaNxQSf+pLssLnV4AnUTQXsRkeoOfXJ4oRiNjsC7AN6aqSafety/vlK8iPINGI8giJesA=="
    },
    "node_modules/safer-buffer": {
      "version": "2.1.2",
      "resolved": "https://registry.npmjs.org/safer-buffer/-/safer-buffer-2.1.2.tgz",
      "integrity": "sha512-YZo3K82SD7Riyi0E1EQPojLz7kpepnSQI9bvyGy8BYul9oNuGuSv/gxFaqknCFF4kSCOUrM51GSSUTDx823o0g=="
    },
    "node_modules/send": {
      "version": "0.18.0",
      "resolved": "https://registry.npmjs.org/send/-/send-0.18.0.tgz",
      "integrity": "sha512-qqWzuOjSFOuqPjFe4QynIOOO0ysvCtb8AMG2MHM1AGlK7GTSRMwytMLsF2ca/8fI6RjXvE8TM2h3Gg9T0gRh2A==",
      "dependencies": {
        "debug": "2.6.9",
        "depd": "~2.0.0",
        "destroy": "1.2.0",
        "encodeurl": "~1.0.2",
        "escape-html": "~1.0.3",
        "etag": "~1.8.1",
        "fresh": "0.5.2",
        "http-errors": "2.0.0",
        "mime": "1.6.0",
        "ms": "2.1.3",
        "on-finished": "~2.4.1",
        "range-parser": "~1.2.1",
        "statuses": "~2.0.1"
      },
      "engines": {
        "node": ">= 0.8.0"
      }
    },
    "node_modules/send/node_modules/ms": {
      "version": "2.1.3",
      "resolved": "https://registry.npmjs.org/ms/-/ms-2.1.3.tgz",
      "integrity": "sha512-6FlkHGARVH RU3vHqSlKclYpSn6OKSt3UTESNsiGjflyDrsYZaC8eGjcUdjrY/5+u+XIZ2AabV1wsDk9vEaBVXA=="
    },
    "node_modules/serve-static": {
      "version": "1.15.0",
      "resolved": "https://registry.npmjs.org/serve-static/-/serve-static-1.15.0.tgz",
      "integrity": "sha512-XGuRDNjXUmpmPftM2Wd0R+61cYvfS60RkNLSab6BFo6IeA9TuFAmd4re0jD8Jt2GM05A02VJ529Tjbg27+sXoA==",
      "dependencies": {
        "encodeurl": "~1.0.2",
        "escape-html": "~1.0.3",
        "parseurl": "~1.3.3",
        "send": "0.18.0"
      },
      "engines": {
        "node": ">= 0.8.0"
      }
    },
    "node_modules/set-function-length": {
      "version": "1.2.2",
      "resolved": "https://registry.npmjs.org/set-function-length/-/set-function-length-1.2.2.tgz",
      "integrity": "sha512-pgRc4h5hDVB/b81P8x8c+0h2bdYMy0w8orb0n2G10ga3c4g9L31FFI2e0VbI94m13bVvHBCu3DGiNo1l/4ScDA==",
      "dependencies": {
        "define-data-property": "^1.1.4",
        "has-property-descriptors": "^1.0.2",
        "is-callable": "^1.2.7"
      },
      "engines": {
        "node": ">= 0.4"
      }
    },
    "node_modules/set-function-length/node_modules/is-callable": {
      "version": "1.2.7",
      "resolved": "https://registry.npmjs.org/is-callable/-/is-callable-1.2.7.tgz",
      "integrity": "sha512-1BC0BVFh8KPX1N1iA1i1r693aT49hM8Fh3IcZpGOmK4gY8k02IM2+sI/vtmX0c+2cnLCIoPaq5y98O+8cfvoA==",
      "engines": {
        "node": ">= 0.4"
      },
      "funding": {
        "url": "https://github.com/sponsors/ljharb"
      }
    },
    "node_modules/setprototypeof": {
      "version": "1.2.0",
      "resolved": "https://registry.npmjs.org/setprototypeof/-/setprototypeof-1.2.0.tgz",
      "integrity": "sha512-E5LDX7Wrp8567iW1OZT3av+PBBsyZpcMR51svWMeCErQ2gIaVK6AorqIQgMOg3GAS8dBg32HKcR63jGd2ADbFg=="
    },
    "node_modules/side-channel": {
      "version": "1.0.6",
      "resolved": "https://registry.npmjs.org/side-channel/-/side-channel-1.0.6.tgz",
      "integrity": "sha512-f+hFEQ25X0WGiGf8l7CRsWk9dyp03eTj0y+23L4O/sKCZtq0IQCQ3wbb6k9ubI7e/tbd8pQ2r2/tQv0KgaMvbg==",
      "dependencies": {
        "call-bind": "^1.0.7",
        "get-intrinsic": "^1.2.4",
        "object-inspect": "^1.13.1"
      },
      "funding": {
        "url": "https://github.com/sponsors/ljharb"
      }
    },
    "node_modules/statuses": {
      "version": "2.0.1",
      "resolved": "https://registry.npmjs.org/statuses/-/statuses-2.0.1.tgz",
      "integrity": "sha512-RwNA9Z/7PrK06rYLIzFMlaF+l73iwpzsqqZEKa50EcnzDSKSBTTpyVoQpEv+ZyyqnzrAS9EC7dscdQ1G45bQLg==",
      "engines": {
        "node": ">= 0.8"
      }
    },
    "node_modules/toidentifier": {
      "version": "1.0.1",
      "resolved": "https://registry.npmjs.org/toidentifier/-/toidentifier-1.0.1.tgz",
      "integrity": "sha512-o5sSPKEkgOgrbTwWwJilJmM5nvrFHFC Serena/2XicKUTiP3tMEV63wv23g6s1xKNVCriO+k0eeANu8WHgjFvYomxg==",
      "engines": {
        "node": ">= 0.6"
      }
    },
    "node_modules/type-is": {
      "version": "1.6.18",
      "resolved": "https://registry.npmjs.org/type-is/-/type-is-1.6.18.tgz",
      "integrity": "sha512-TkRKr9sUTxEH8MdfuCSP7VizJgncII54IHmHRreG/M7AZM9gE53ElEAb5iU1q+gnTuaJb8Fr7s72hWLd/9S+Ew==",
      "dependencies": {
        "media-typer": "0.3.0",
        "mime-types": "~2.1.24"
      },
      "engines": {
        "node": ">= 0.6"
      }
    },
    "node_modules/undici-types": {
      "version": "5.26.5",
      "resolved": "https://registry.npmjs.org/undici-types/-/undici-types-5.26.5.tgz",
      "integrity": "sha512-JlCMO+ehdEIKqlFxk6IfVoAUVmgz7cU7zD/h9XZ0qzeosSHmJAEPtg042qvGfNkDdIWTCWTYKoGbvss1GvMKgw=="
    },
    "node_modules/unpipe": {
      "version": "1.0.0",
      "resolved": "https://registry.npmjs.org/unpipe/-/unpipe-1.0.0.tgz",
      "integrity": "sha512-pjy2bYhSsufwWlKwPc+l42BfvPqTdmsmuEWPeGamCnM1NNCiM1S11CiDitvl9ydIstwcrBiyeRx3312unUOsAg==",
      "engines": {
        "node": ">= 0.8"
      }
    },
    "node_modules/utils-flatten": {
      "version": "1.0.1",
      "resolved": "https://registry.npmjs.org/utils-flatten/-/utils-flatten-1.0.1.tgz",
      "integrity": "sha512-QwlY+pgqp2T5y2QAM2il2M45b20iV5wS90xG20cScq7nSDB1gS3rtb3xKEWgaYV3x2a8I62E5e3h25RvxoXpKQ=="
    },
    "node_modules/vary": {
      "version": "1.1.2",
      "resolved": "https://registry.npmjs.org/vary/-/vary-1.1.2.tgz",
      "integrity": "sha512-BNGbWLfdIE0+2t44k2gPodMuQyHsoASQqcY/1t2L2dM6v/y3I5mBXYoXF0AmZmM3eCMEk1aFkP+TJNk2s/4Caw==",
      "engines": {
        "node": ">= 0.8"
      }
    }
  }
}
